
Microsoft Visual Studio Solution File, Format Version 12.00
# Visual Studio Version 17
VisualStudioVersion = 17.13.35913.81
MinimumVisualStudioVersion = 10.0.40219.1
Project("{FAE04EC0-301F-11D3-BF4B-00C04F79EFBC}") = "CSProjectFile", "CSProjectFile\CSProjectFile.csproj", "{C73EE1A6-B411-4D77-84B4-3E784A191E3F}"
EndProject
Project("{2150E333-8FDC-42A3-9474-1A3956D46DE8}") = "Solution Items", "Solution Items", "{02EA681E-C7D8-13C7-8484-4AC65E1B71E8}"
	ProjectSection(SolutionItems) = preProject
		.editorconfig = .editorconfig
	EndProjectSection
EndProject
Global
	GlobalSection(SolutionConfigurationPlatforms) = preSolution
		Debug|Any CPU = Debug|Any CPU
		Release|Any CPU = Release|Any CPU
	EndGlobalSection
	GlobalSection(ProjectConfigurationPlatforms) = postSolution
		{C73EE1A6-B411-4D77-84B4-3E784A191E3F}.Debug|Any CPU.ActiveCfg = Debug|Any CPU
		{C73EE1A6-B411-4D77-84B4-3E784A191E3F}.Debug|Any CPU.Build.0 = Debug|Any CPU
		{C73EE1A6-B411-4D77-84B4-3E784A191E3F}.Release|Any CPU.ActiveCfg = Release|Any CPU
		{C73EE1A6-B411-4D77-84B4-3E784A191E3F}.Release|Any CPU.Build.0 = Release|Any CPU
	EndGlobalSection
	GlobalSection(SolutionProperties) = preSolution
		HideSolutionNode = FALSE
	EndGlobalSection
	GlobalSection(ExtensibilityGlobals) = postSolution
		SolutionGuid = {53E5A89D-13E7-4CEF-A1E0-9DB604BCACAE}
	EndGlobalSection
EndGlobal
